
Microsoft Visual Studio Solution File, Format Version 12.00
# Visual Studio 15
VisualStudioVersion = 15.0.26403.0
MinimumVisualStudioVersion = 10.0.40219.1
Project("{FAE04EC0-301F-11D3-BF4B-00C04F79EFBC}") = "Blog", "Blog\Blog.csproj", "{4E2B8B13-8D95-4847-B0E8-99B9E343F15B}"
EndProject
Project("{FAE04EC0-301F-11D3-BF4B-00C04F79EFBC}") = "BlogUnitTests", "BlogUnitTests\BlogUnitTests.csproj", "{A928E34D-3B8F-408C-9E26-4AE103D77CBE}"
EndProject
Project("{FAE04EC0-301F-11D3-BF4B-00C04F79EFBC}") = "BlogIntegrationTests", "BlogIntegrationTests\BlogIntegrationTests.csproj", "{5D8B7B1A-42B7-41C0-980B-4C94CEBBAEBA}"
EndProject
Project("{FAE04EC0-301F-11D3-BF4B-00C04F79EFBC}") = "BlogUITests", "BlogUITests\BlogUITests.csproj", "{0C26AF3A-E4DA-457E-B0E7-DF6A70387BE0}"
EndProject
Global
	GlobalSection(SolutionConfigurationPlatforms) = preSolution
		Debug|Any CPU = Debug|Any CPU
		Release|Any CPU = Release|Any CPU
	EndGlobalSection
	GlobalSection(ProjectConfigurationPlatforms) = postSolution
		{4E2B8B13-8D95-4847-B0E8-99B9E343F15B}.Debug|Any CPU.ActiveCfg = Debug|Any CPU
		{4E2B8B13-8D95-4847-B0E8-99B9E343F15B}.Debug|Any CPU.Build.0 = Debug|Any CPU
		{4E2B8B13-8D95-4847-B0E8-99B9E343F15B}.Release|Any CPU.ActiveCfg = Release|Any CPU
		{4E2B8B13-8D95-4847-B0E8-99B9E343F15B}.Release|Any CPU.Build.0 = Release|Any CPU
		{A928E34D-3B8F-408C-9E26-4AE103D77CBE}.Debug|Any CPU.ActiveCfg = Debug|Any CPU
		{A928E34D-3B8F-408C-9E26-4AE103D77CBE}.Debug|Any CPU.Build.0 = Debug|Any CPU
		{A928E34D-3B8F-408C-9E26-4AE103D77CBE}.Release|Any CPU.ActiveCfg = Release|Any CPU
		{A928E34D-3B8F-408C-9E26-4AE103D77CBE}.Release|Any CPU.Build.0 = Release|Any CPU
		{5D8B7B1A-42B7-41C0-980B-4C94CEBBAEBA}.Debug|Any CPU.ActiveCfg = Debug|Any CPU
		{5D8B7B1A-42B7-41C0-980B-4C94CEBBAEBA}.Debug|Any CPU.Build.0 = Debug|Any CPU
		{5D8B7B1A-42B7-41C0-980B-4C94CEBBAEBA}.Release|Any CPU.ActiveCfg = Release|Any CPU
		{5D8B7B1A-42B7-41C0-980B-4C94CEBBAEBA}.Release|Any CPU.Build.0 = Release|Any CPU
		{0C26AF3A-E4DA-457E-B0E7-DF6A70387BE0}.Debug|Any CPU.ActiveCfg = Debug|Any CPU
		{0C26AF3A-E4DA-457E-B0E7-DF6A70387BE0}.Debug|Any CPU.Build.0 = Debug|Any CPU
		{0C26AF3A-E4DA-457E-B0E7-DF6A70387BE0}.Release|Any CPU.ActiveCfg = Release|Any CPU
		{0C26AF3A-E4DA-457E-B0E7-DF6A70387BE0}.Release|Any CPU.Build.0 = Release|Any CPU
	EndGlobalSection
	GlobalSection(SolutionProperties) = preSolution
		HideSolutionNode = FALSE
	EndGlobalSection
EndGlobal
